
Microsoft Visual Studio Solution File, Format Version 12.00
# Visual Studio Version 17
VisualStudioVersion = 17.1.32407.343
MinimumVisualStudioVersion = 10.0.40219.1
Project("{9A19103F-16F7-4668-BE54-9A1E7A4F7556}") = "Pallet", "Pallet\Pallet.csproj", "{709AC7D0-3A2C-4D2F-88BA-603905BF1F98}"
EndProject
Project("{9A19103F-16F7-4668-BE54-9A1E7A4F7556}") = "Pallet.Styles", "Pallet.Styles\Pallet.Styles.csproj", "{0E3B0864-A3B4-49A6-A194-2DDE74507C24}"
EndProject
Project("{2150E333-8FDC-42A3-9474-1A3956D46DE8}") = "Solution Items", "Solution Items", "{CB863AA2-4E77-42AC-9188-0C23CA3548D8}"
	ProjectSection(SolutionItems) = preProject
		.editorconfig = .editorconfig
	EndProjectSection
EndProject
Project("{9A19103F-16F7-4668-BE54-9A1E7A4F7556}") = "Pallet.Extensions", "Extensions\Pallet.Extensions.csproj", "{D5470020-3EA6-4D17-9CBB-BCE740C62A02}"
EndProject
Project("{9A19103F-16F7-4668-BE54-9A1E7A4F7556}") = "Pallet.BaseDatabase", "Pallet.BaseDatabase\Pallet.BaseDatabase.csproj", "{040789DD-994D-4C88-954F-809AF7E28B31}"
EndProject
Project("{9A19103F-16F7-4668-BE54-9A1E7A4F7556}") = "Pallet.ExternalDatabase", "Pallet.ExternalDatabase\Pallet.ExternalDatabase.csproj", "{750589CF-1743-41F4-8B89-FADA2EB25DA9}"
EndProject
Project("{9A19103F-16F7-4668-BE54-9A1E7A4F7556}") = "Pallet.InternalDatabase", "Pallet.InternalDatabase\Pallet.InternalDatabase.csproj", "{7A689146-4CF8-4190-993A-7A3CE7DD603D}"
EndProject
Project("{9A19103F-16F7-4668-BE54-9A1E7A4F7556}") = "Pallet.Services", "Pallet.Services\Pallet.Services.csproj", "{BDE3AC4F-6692-4B13-B563-66F524D5045C}"
EndProject
Global
	GlobalSection(SolutionConfigurationPlatforms) = preSolution
		Debug|Any CPU = Debug|Any CPU
		Release|Any CPU = Release|Any CPU
	EndGlobalSection
	GlobalSection(ProjectConfigurationPlatforms) = postSolution
		{709AC7D0-3A2C-4D2F-88BA-603905BF1F98}.Debug|Any CPU.ActiveCfg = Debug|Any CPU
		{709AC7D0-3A2C-4D2F-88BA-603905BF1F98}.Debug|Any CPU.Build.0 = Debug|Any CPU
		{709AC7D0-3A2C-4D2F-88BA-603905BF1F98}.Release|Any CPU.ActiveCfg = Release|Any CPU
		{709AC7D0-3A2C-4D2F-88BA-603905BF1F98}.Release|Any CPU.Build.0 = Release|Any CPU
		{0E3B0864-A3B4-49A6-A194-2DDE74507C24}.Debug|Any CPU.ActiveCfg = Debug|Any CPU
		{0E3B0864-A3B4-49A6-A194-2DDE74507C24}.Debug|Any CPU.Build.0 = Debug|Any CPU
		{0E3B0864-A3B4-49A6-A194-2DDE74507C24}.Release|Any CPU.ActiveCfg = Release|Any CPU
		{0E3B0864-A3B4-49A6-A194-2DDE74507C24}.Release|Any CPU.Build.0 = Release|Any CPU
		{D5470020-3EA6-4D17-9CBB-BCE740C62A02}.Debug|Any CPU.ActiveCfg = Debug|Any CPU
		{D5470020-3EA6-4D17-9CBB-BCE740C62A02}.Debug|Any CPU.Build.0 = Debug|Any CPU
		{D5470020-3EA6-4D17-9CBB-BCE740C62A02}.Release|Any CPU.ActiveCfg = Release|Any CPU
		{D5470020-3EA6-4D17-9CBB-BCE740C62A02}.Release|Any CPU.Build.0 = Release|Any CPU
		{040789DD-994D-4C88-954F-809AF7E28B31}.Debug|Any CPU.ActiveCfg = Debug|Any CPU
		{040789DD-994D-4C88-954F-809AF7E28B31}.Debug|Any CPU.Build.0 = Debug|Any CPU
		{040789DD-994D-4C88-954F-809AF7E28B31}.Release|Any CPU.ActiveCfg = Release|Any CPU
		{040789DD-994D-4C88-954F-809AF7E28B31}.Release|Any CPU.Build.0 = Release|Any CPU
		{750589CF-1743-41F4-8B89-FADA2EB25DA9}.Debug|Any CPU.ActiveCfg = Debug|Any CPU
		{750589CF-1743-41F4-8B89-FADA2EB25DA9}.Debug|Any CPU.Build.0 = Debug|Any CPU
		{750589CF-1743-41F4-8B89-FADA2EB25DA9}.Release|Any CPU.ActiveCfg = Release|Any CPU
		{750589CF-1743-41F4-8B89-FADA2EB25DA9}.Release|Any CPU.Build.0 = Release|Any CPU
		{7A689146-4CF8-4190-993A-7A3CE7DD603D}.Debug|Any CPU.ActiveCfg = Debug|Any CPU
		{7A689146-4CF8-4190-993A-7A3CE7DD603D}.Debug|Any CPU.Build.0 = Debug|Any CPU
		{7A689146-4CF8-4190-993A-7A3CE7DD603D}.Release|Any CPU.ActiveCfg = Release|Any CPU
		{7A689146-4CF8-4190-993A-7A3CE7DD603D}.Release|Any CPU.Build.0 = Release|Any CPU
		{BDE3AC4F-6692-4B13-B563-66F524D5045C}.Debug|Any CPU.ActiveCfg = Debug|Any CPU
		{BDE3AC4F-6692-4B13-B563-66F524D5045C}.Debug|Any CPU.Build.0 = Debug|Any CPU
		{BDE3AC4F-6692-4B13-B563-66F524D5045C}.Release|Any CPU.ActiveCfg = Release|Any CPU
		{BDE3AC4F-6692-4B13-B563-66F524D5045C}.Release|Any CPU.Build.0 = Release|Any CPU
	EndGlobalSection
	GlobalSection(SolutionProperties) = preSolution
		HideSolutionNode = FALSE
	EndGlobalSection
	GlobalSection(ExtensibilityGlobals) = postSolution
		RESX_ExcelExportMode = MultipleSheets
		RESX_NeutralResourcesLanguage = ru-RU
		SolutionGuid = {03EDF312-0CDE-45AF-A80A-597727B0BC4E}
	EndGlobalSection
EndGlobal
